// !$*UTF8*$!
{
	archiveVersion = 1;
	classes = {
	};
	objectVersion = 77;
	objects = {

/* Begin PBXBuildFile section */
		E9C8A1452D47823C007B6FEA /* MoviesDBTests.swift in Sources */ = {isa = PBXBuildFile; fileRef = E9C8A1432D47823C007B6FEA /* MoviesDBTests.swift */; };
		E9C8A1492D47823F007B6FEA /* MoviesDBUITests.swift in Sources */ = {isa = PBXBuildFile; fileRef = E9C8A1462D47823F007B6FEA /* MoviesDBUITests.swift */; };
		E9C8A14A2D47823F007B6FEA /* MoviesDBUITestsLaunchTests.swift in Sources */ = {isa = PBXBuildFile; fileRef = E9C8A1472D47823F007B6FEA /* MoviesDBUITestsLaunchTests.swift */; };
		E9C8A1D62D48E574007B6FEA /* testHomeViewModel.swift in Sources */ = {isa = PBXBuildFile; fileRef = E9C8A1D52D48E566007B6FEA /* testHomeViewModel.swift */; };
		E9C8A1DD2D48E8E6007B6FEA /* MockFetchMoviesUseCase.swift in Sources */ = {isa = PBXBuildFile; fileRef = E9C8A1DC2D48E8E6007B6FEA /* MockFetchMoviesUseCase.swift */; };
		E9C8A1DF2D48E96A007B6FEA /* MockMovieListCoordinator.swift in Sources */ = {isa = PBXBuildFile; fileRef = E9C8A1DE2D48E96A007B6FEA /* MockMovieListCoordinator.swift */; };
		E9C8A1EB2D49890E007B6FEA /* MockMovieService.swift in Sources */ = {isa = PBXBuildFile; fileRef = E9C8A1EA2D49890E007B6FEA /* MockMovieService.swift */; };
		E9C8A2132D499841007B6FEA /* CoordinatorTests.swift in Sources */ = {isa = PBXBuildFile; fileRef = E9C8A2122D499841007B6FEA /* CoordinatorTests.swift */; };
		E9C8A2812D5339B2007B6FEA /* Preview Assets.xcassets in Resources */ = {isa = PBXBuildFile; fileRef = E9C8A27A2D5339B2007B6FEA /* Preview Assets.xcassets */; };
		E9C8A2822D5339B2007B6FEA /* Assets.xcassets in Resources */ = {isa = PBXBuildFile; fileRef = E9C8A27C2D5339B2007B6FEA /* Assets.xcassets */; };
		E9C8A2832D5339B2007B6FEA /* Release.xcconfig in Resources */ = {isa = PBXBuildFile; fileRef = E9C8A2482D5339B2007B6FEA /* Release.xcconfig */; };
		E9C8A2842D5339B2007B6FEA /* Info.plist in Resources */ = {isa = PBXBuildFile; fileRef = E9C8A27D2D5339B2007B6FEA /* Info.plist */; };
		E9C8A2852D5339B2007B6FEA /* Development.xcconfig in Resources */ = {isa = PBXBuildFile; fileRef = E9C8A2472D5339B2007B6FEA /* Development.xcconfig */; };
		E9C8A2882D5339B2007B6FEA /* MovieType.swift in Sources */ = {isa = PBXBuildFile; fileRef = E9C8A2522D5339B2007B6FEA /* MovieType.swift */; };
		E9C8A28B2D5339B2007B6FEA /* LoadingView.swift in Sources */ = {isa = PBXBuildFile; fileRef = E9C8A2652D5339B2007B6FEA /* LoadingView.swift */; };
		E9C8A28C2D5339B2007B6FEA /* FetchMoviesUseCaseProtocol.swift in Sources */ = {isa = PBXBuildFile; fileRef = E9C8A2572D5339B2007B6FEA /* FetchMoviesUseCaseProtocol.swift */; };
		E9C8A28D2D5339B2007B6FEA /* APIEndpoint.swift in Sources */ = {isa = PBXBuildFile; fileRef = E9C8A24D2D5339B2007B6FEA /* APIEndpoint.swift */; };
		E9C8A28E2D5339B2007B6FEA /* MoviePosterView.swift in Sources */ = {isa = PBXBuildFile; fileRef = E9C8A2732D5339B2007B6FEA /* MoviePosterView.swift */; };
		E9C8A28F2D5339B2007B6FEA /* BaseCoordinator.swift in Sources */ = {isa = PBXBuildFile; fileRef = E9C8A23F2D5339B2007B6FEA /* BaseCoordinator.swift */; };
		E9C8A2902D5339B2007B6FEA /* MovieDetailViewModel.swift in Sources */ = {isa = PBXBuildFile; fileRef = E9C8A2682D5339B2007B6FEA /* MovieDetailViewModel.swift */; };
		E9C8A2922D5339B2007B6FEA /* Coordinator.swift in Sources */ = {isa = PBXBuildFile; fileRef = E9C8A2402D5339B2007B6FEA /* Coordinator.swift */; };
		E9C8A2942D5339B2007B6FEA /* MovieListView.swift in Sources */ = {isa = PBXBuildFile; fileRef = E9C8A2762D5339B2007B6FEA /* MovieListView.swift */; };
		E9C8A2952D5339B2007B6FEA /* FetchMovieDetailsUseCaseProtocol.swift in Sources */ = {isa = PBXBuildFile; fileRef = E9C8A2562D5339B2007B6FEA /* FetchMovieDetailsUseCaseProtocol.swift */; };
		E9C8A2972D5339B2007B6FEA /* MovieRepository.swift in Sources */ = {isa = PBXBuildFile; fileRef = E9C8A2542D5339B2007B6FEA /* MovieRepository.swift */; };
		E9C8A2992D5339B2007B6FEA /* MovieGenresView.swift in Sources */ = {isa = PBXBuildFile; fileRef = E9C8A2712D5339B2007B6FEA /* MovieGenresView.swift */; };
		E9C8A29A2D5339B2007B6FEA /* MovieRuntimeView.swift in Sources */ = {isa = PBXBuildFile; fileRef = E9C8A2742D5339B2007B6FEA /* MovieRuntimeView.swift */; };
		E9C8A29B2D5339B2007B6FEA /* Movie.swift in Sources */ = {isa = PBXBuildFile; fileRef = E9C8A2512D5339B2007B6FEA /* Movie.swift */; };
		E9C8A29C2D5339B2007B6FEA /* MovieOverviewView.swift in Sources */ = {isa = PBXBuildFile; fileRef = E9C8A2722D5339B2007B6FEA /* MovieOverviewView.swift */; };
		E9C8A29D2D5339B2007B6FEA /* ErrorView.swift in Sources */ = {isa = PBXBuildFile; fileRef = E9C8A2642D5339B2007B6FEA /* ErrorView.swift */; };
		E9C8A29E2D5339B2007B6FEA /* MovieDetailView.swift in Sources */ = {isa = PBXBuildFile; fileRef = E9C8A2702D5339B2007B6FEA /* MovieDetailView.swift */; };
		E9C8A29F2D5339B2007B6FEA /* TMDBMovieServiceRepository.swift in Sources */ = {isa = PBXBuildFile; fileRef = E9C8A24A2D5339B2007B6FEA /* TMDBMovieServiceRepository.swift */; };
		E9C8A2A02D5339B2007B6FEA /* HomeViewModel.swift in Sources */ = {isa = PBXBuildFile; fileRef = E9C8A2672D5339B2007B6FEA /* HomeViewModel.swift */; };
		E9C8A2A12D5339B2007B6FEA /* AppCoordinator.swift in Sources */ = {isa = PBXBuildFile; fileRef = E9C8A23E2D5339B2007B6FEA /* AppCoordinator.swift */; };
		E9C8A2A22D5339B2007B6FEA /* MovieListCoordinator.swift in Sources */ = {isa = PBXBuildFile; fileRef = E9C8A2432D5339B2007B6FEA /* MovieListCoordinator.swift */; };
		E9C8A2A32D5339B2007B6FEA /* MoviesDBApp.swift in Sources */ = {isa = PBXBuildFile; fileRef = E9C8A26D2D5339B2007B6FEA /* MoviesDBApp.swift */; };
		E9C8A2A42D5339B2007B6FEA /* HomeViewCoordinator.swift in Sources */ = {isa = PBXBuildFile; fileRef = E9C8A2412D5339B2007B6FEA /* HomeViewCoordinator.swift */; };
		E9C8A2A52D5339B2007B6FEA /* HomeView.swift in Sources */ = {isa = PBXBuildFile; fileRef = E9C8A26B2D5339B2007B6FEA /* HomeView.swift */; };
		E9C8A2A62D5339B2007B6FEA /* MovieDetailCoordinator.swift in Sources */ = {isa = PBXBuildFile; fileRef = E9C8A2422D5339B2007B6FEA /* MovieDetailCoordinator.swift */; };
		E9C8A2A72D5339B2007B6FEA /* BaseModel.swift in Sources */ = {isa = PBXBuildFile; fileRef = E9C8A2502D5339B2007B6FEA /* BaseModel.swift */; };
		E9C8A2A82D5339B2007B6FEA /* MovieListViewModel.swift in Sources */ = {isa = PBXBuildFile; fileRef = E9C8A2692D5339B2007B6FEA /* MovieListViewModel.swift */; };
		E9C8A2AA2D5339B2007B6FEA /* MovieDetailTitleView.swift in Sources */ = {isa = PBXBuildFile; fileRef = E9C8A26F2D5339B2007B6FEA /* MovieDetailTitleView.swift */; };
		E9C8A2AB2D5339B2007B6FEA /* Configuration.swift in Sources */ = {isa = PBXBuildFile; fileRef = E9C8A2462D5339B2007B6FEA /* Configuration.swift */; };
		E9C8A2AC2D5339B2007B6FEA /* Preview Assets.xcassets in Resources */ = {isa = PBXBuildFile; fileRef = E9C8A27A2D5339B2007B6FEA /* Preview Assets.xcassets */; };
		E9C8A2AD2D5339B2007B6FEA /* Assets.xcassets in Resources */ = {isa = PBXBuildFile; fileRef = E9C8A27C2D5339B2007B6FEA /* Assets.xcassets */; };
		E9C8A2AE2D5339B2007B6FEA /* Release.xcconfig in Resources */ = {isa = PBXBuildFile; fileRef = E9C8A2482D5339B2007B6FEA /* Release.xcconfig */; };
		E9C8A2B02D5339B2007B6FEA /* Development.xcconfig in Resources */ = {isa = PBXBuildFile; fileRef = E9C8A2472D5339B2007B6FEA /* Development.xcconfig */; };
		E9C8A2B32D5339B2007B6FEA /* MovieType.swift in Sources */ = {isa = PBXBuildFile; fileRef = E9C8A2522D5339B2007B6FEA /* MovieType.swift */; };
		E9C8A2B62D5339B2007B6FEA /* LoadingView.swift in Sources */ = {isa = PBXBuildFile; fileRef = E9C8A2652D5339B2007B6FEA /* LoadingView.swift */; };
		E9C8A2B72D5339B2007B6FEA /* FetchMoviesUseCaseProtocol.swift in Sources */ = {isa = PBXBuildFile; fileRef = E9C8A2572D5339B2007B6FEA /* FetchMoviesUseCaseProtocol.swift */; };
		E9C8A2B82D5339B2007B6FEA /* APIEndpoint.swift in Sources */ = {isa = PBXBuildFile; fileRef = E9C8A24D2D5339B2007B6FEA /* APIEndpoint.swift */; };
		E9C8A2B92D5339B2007B6FEA /* MoviePosterView.swift in Sources */ = {isa = PBXBuildFile; fileRef = E9C8A2732D5339B2007B6FEA /* MoviePosterView.swift */; };
		E9C8A2BA2D5339B2007B6FEA /* BaseCoordinator.swift in Sources */ = {isa = PBXBuildFile; fileRef = E9C8A23F2D5339B2007B6FEA /* BaseCoordinator.swift */; };
		E9C8A2BB2D5339B2007B6FEA /* MovieDetailViewModel.swift in Sources */ = {isa = PBXBuildFile; fileRef = E9C8A2682D5339B2007B6FEA /* MovieDetailViewModel.swift */; };
		E9C8A2BD2D5339B2007B6FEA /* Coordinator.swift in Sources */ = {isa = PBXBuildFile; fileRef = E9C8A2402D5339B2007B6FEA /* Coordinator.swift */; };
		E9C8A2BF2D5339B2007B6FEA /* MovieListView.swift in Sources */ = {isa = PBXBuildFile; fileRef = E9C8A2762D5339B2007B6FEA /* MovieListView.swift */; };
		E9C8A2C02D5339B2007B6FEA /* FetchMovieDetailsUseCaseProtocol.swift in Sources */ = {isa = PBXBuildFile; fileRef = E9C8A2562D5339B2007B6FEA /* FetchMovieDetailsUseCaseProtocol.swift */; };
		E9C8A2C22D5339B2007B6FEA /* MovieRepository.swift in Sources */ = {isa = PBXBuildFile; fileRef = E9C8A2542D5339B2007B6FEA /* MovieRepository.swift */; };
		E9C8A2C42D5339B2007B6FEA /* MovieGenresView.swift in Sources */ = {isa = PBXBuildFile; fileRef = E9C8A2712D5339B2007B6FEA /* MovieGenresView.swift */; };
		E9C8A2C52D5339B2007B6FEA /* MovieRuntimeView.swift in Sources */ = {isa = PBXBuildFile; fileRef = E9C8A2742D5339B2007B6FEA /* MovieRuntimeView.swift */; };
		E9C8A2C62D5339B2007B6FEA /* Movie.swift in Sources */ = {isa = PBXBuildFile; fileRef = E9C8A2512D5339B2007B6FEA /* Movie.swift */; };
		E9C8A2C72D5339B2007B6FEA /* MovieOverviewView.swift in Sources */ = {isa = PBXBuildFile; fileRef = E9C8A2722D5339B2007B6FEA /* MovieOverviewView.swift */; };
		E9C8A2C82D5339B2007B6FEA /* ErrorView.swift in Sources */ = {isa = PBXBuildFile; fileRef = E9C8A2642D5339B2007B6FEA /* ErrorView.swift */; };
		E9C8A2C92D5339B2007B6FEA /* MovieDetailView.swift in Sources */ = {isa = PBXBuildFile; fileRef = E9C8A2702D5339B2007B6FEA /* MovieDetailView.swift */; };
		E9C8A2CA2D5339B2007B6FEA /* TMDBMovieServiceRepository.swift in Sources */ = {isa = PBXBuildFile; fileRef = E9C8A24A2D5339B2007B6FEA /* TMDBMovieServiceRepository.swift */; };
		E9C8A2CB2D5339B2007B6FEA /* HomeViewModel.swift in Sources */ = {isa = PBXBuildFile; fileRef = E9C8A2672D5339B2007B6FEA /* HomeViewModel.swift */; };
		E9C8A2CC2D5339B2007B6FEA /* AppCoordinator.swift in Sources */ = {isa = PBXBuildFile; fileRef = E9C8A23E2D5339B2007B6FEA /* AppCoordinator.swift */; };
		E9C8A2CD2D5339B2007B6FEA /* MovieListCoordinator.swift in Sources */ = {isa = PBXBuildFile; fileRef = E9C8A2432D5339B2007B6FEA /* MovieListCoordinator.swift */; };
		E9C8A2CE2D5339B2007B6FEA /* MoviesDBApp.swift in Sources */ = {isa = PBXBuildFile; fileRef = E9C8A26D2D5339B2007B6FEA /* MoviesDBApp.swift */; };
		E9C8A2CF2D5339B2007B6FEA /* HomeViewCoordinator.swift in Sources */ = {isa = PBXBuildFile; fileRef = E9C8A2412D5339B2007B6FEA /* HomeViewCoordinator.swift */; };
		E9C8A2D02D5339B2007B6FEA /* HomeView.swift in Sources */ = {isa = PBXBuildFile; fileRef = E9C8A26B2D5339B2007B6FEA /* HomeView.swift */; };
		E9C8A2D12D5339B2007B6FEA /* MovieDetailCoordinator.swift in Sources */ = {isa = PBXBuildFile; fileRef = E9C8A2422D5339B2007B6FEA /* MovieDetailCoordinator.swift */; };
		E9C8A2D22D5339B2007B6FEA /* BaseModel.swift in Sources */ = {isa = PBXBuildFile; fileRef = E9C8A2502D5339B2007B6FEA /* BaseModel.swift */; };
		E9C8A2D32D5339B2007B6FEA /* MovieListViewModel.swift in Sources */ = {isa = PBXBuildFile; fileRef = E9C8A2692D5339B2007B6FEA /* MovieListViewModel.swift */; };
		E9C8A2D52D5339B2007B6FEA /* MovieDetailTitleView.swift in Sources */ = {isa = PBXBuildFile; fileRef = E9C8A26F2D5339B2007B6FEA /* MovieDetailTitleView.swift */; };
		E9C8A2D62D5339B2007B6FEA /* Configuration.swift in Sources */ = {isa = PBXBuildFile; fileRef = E9C8A2462D5339B2007B6FEA /* Configuration.swift */; };
		E9C8A2D92D5339B2007B6FEA /* MovieType.swift in Sources */ = {isa = PBXBuildFile; fileRef = E9C8A2522D5339B2007B6FEA /* MovieType.swift */; };
		E9C8A2DC2D5339B2007B6FEA /* LoadingView.swift in Sources */ = {isa = PBXBuildFile; fileRef = E9C8A2652D5339B2007B6FEA /* LoadingView.swift */; };
		E9C8A2DD2D5339B2007B6FEA /* FetchMoviesUseCaseProtocol.swift in Sources */ = {isa = PBXBuildFile; fileRef = E9C8A2572D5339B2007B6FEA /* FetchMoviesUseCaseProtocol.swift */; };
		E9C8A2DE2D5339B2007B6FEA /* APIEndpoint.swift in Sources */ = {isa = PBXBuildFile; fileRef = E9C8A24D2D5339B2007B6FEA /* APIEndpoint.swift */; };
		E9C8A2DF2D5339B2007B6FEA /* MoviePosterView.swift in Sources */ = {isa = PBXBuildFile; fileRef = E9C8A2732D5339B2007B6FEA /* MoviePosterView.swift */; };
		E9C8A2E02D5339B2007B6FEA /* BaseCoordinator.swift in Sources */ = {isa = PBXBuildFile; fileRef = E9C8A23F2D5339B2007B6FEA /* BaseCoordinator.swift */; };
		E9C8A2E12D5339B2007B6FEA /* MovieDetailViewModel.swift in Sources */ = {isa = PBXBuildFile; fileRef = E9C8A2682D5339B2007B6FEA /* MovieDetailViewModel.swift */; };
		E9C8A2E32D5339B2007B6FEA /* Coordinator.swift in Sources */ = {isa = PBXBuildFile; fileRef = E9C8A2402D5339B2007B6FEA /* Coordinator.swift */; };
		E9C8A2E52D5339B2007B6FEA /* MovieListView.swift in Sources */ = {isa = PBXBuildFile; fileRef = E9C8A2762D5339B2007B6FEA /* MovieListView.swift */; };
		E9C8A2E62D5339B2007B6FEA /* FetchMovieDetailsUseCaseProtocol.swift in Sources */ = {isa = PBXBuildFile; fileRef = E9C8A2562D5339B2007B6FEA /* FetchMovieDetailsUseCaseProtocol.swift */; };
		E9C8A2E82D5339B2007B6FEA /* MovieRepository.swift in Sources */ = {isa = PBXBuildFile; fileRef = E9C8A2542D5339B2007B6FEA /* MovieRepository.swift */; };
		E9C8A2EA2D5339B2007B6FEA /* MovieGenresView.swift in Sources */ = {isa = PBXBuildFile; fileRef = E9C8A2712D5339B2007B6FEA /* MovieGenresView.swift */; };
		E9C8A2EB2D5339B2007B6FEA /* MovieRuntimeView.swift in Sources */ = {isa = PBXBuildFile; fileRef = E9C8A2742D5339B2007B6FEA /* MovieRuntimeView.swift */; };
		E9C8A2EC2D5339B2007B6FEA /* Movie.swift in Sources */ = {isa = PBXBuildFile; fileRef = E9C8A2512D5339B2007B6FEA /* Movie.swift */; };
		E9C8A2ED2D5339B2007B6FEA /* MovieOverviewView.swift in Sources */ = {isa = PBXBuildFile; fileRef = E9C8A2722D5339B2007B6FEA /* MovieOverviewView.swift */; };
		E9C8A2EE2D5339B2007B6FEA /* ErrorView.swift in Sources */ = {isa = PBXBuildFile; fileRef = E9C8A2642D5339B2007B6FEA /* ErrorView.swift */; };
		E9C8A2EF2D5339B2007B6FEA /* MovieDetailView.swift in Sources */ = {isa = PBXBuildFile; fileRef = E9C8A2702D5339B2007B6FEA /* MovieDetailView.swift */; };
		E9C8A2F02D5339B2007B6FEA /* TMDBMovieServiceRepository.swift in Sources */ = {isa = PBXBuildFile; fileRef = E9C8A24A2D5339B2007B6FEA /* TMDBMovieServiceRepository.swift */; };
		E9C8A2F12D5339B2007B6FEA /* HomeViewModel.swift in Sources */ = {isa = PBXBuildFile; fileRef = E9C8A2672D5339B2007B6FEA /* HomeViewModel.swift */; };
		E9C8A2F22D5339B2007B6FEA /* AppCoordinator.swift in Sources */ = {isa = PBXBuildFile; fileRef = E9C8A23E2D5339B2007B6FEA /* AppCoordinator.swift */; };
		E9C8A2F32D5339B2007B6FEA /* MovieListCoordinator.swift in Sources */ = {isa = PBXBuildFile; fileRef = E9C8A2432D5339B2007B6FEA /* MovieListCoordinator.swift */; };
		E9C8A2F42D5339B2007B6FEA /* MoviesDBApp.swift in Sources */ = {isa = PBXBuildFile; fileRef = E9C8A26D2D5339B2007B6FEA /* MoviesDBApp.swift */; };
		E9C8A2F52D5339B2007B6FEA /* HomeViewCoordinator.swift in Sources */ = {isa = PBXBuildFile; fileRef = E9C8A2412D5339B2007B6FEA /* HomeViewCoordinator.swift */; };
		E9C8A2F62D5339B2007B6FEA /* HomeView.swift in Sources */ = {isa = PBXBuildFile; fileRef = E9C8A26B2D5339B2007B6FEA /* HomeView.swift */; };
		E9C8A2F72D5339B2007B6FEA /* MovieDetailCoordinator.swift in Sources */ = {isa = PBXBuildFile; fileRef = E9C8A2422D5339B2007B6FEA /* MovieDetailCoordinator.swift */; };
		E9C8A2F82D5339B2007B6FEA /* BaseModel.swift in Sources */ = {isa = PBXBuildFile; fileRef = E9C8A2502D5339B2007B6FEA /* BaseModel.swift */; };
		E9C8A2F92D5339B2007B6FEA /* MovieListViewModel.swift in Sources */ = {isa = PBXBuildFile; fileRef = E9C8A2692D5339B2007B6FEA /* MovieListViewModel.swift */; };
		E9C8A2FB2D5339B2007B6FEA /* MovieDetailTitleView.swift in Sources */ = {isa = PBXBuildFile; fileRef = E9C8A26F2D5339B2007B6FEA /* MovieDetailTitleView.swift */; };
		E9C8A2FC2D5339B2007B6FEA /* Configuration.swift in Sources */ = {isa = PBXBuildFile; fileRef = E9C8A2462D5339B2007B6FEA /* Configuration.swift */; };
		E9C8A2FD2D5339B2007B6FEA /* Preview Assets.xcassets in Resources */ = {isa = PBXBuildFile; fileRef = E9C8A27A2D5339B2007B6FEA /* Preview Assets.xcassets */; };
		E9C8A2FE2D5339B2007B6FEA /* Assets.xcassets in Resources */ = {isa = PBXBuildFile; fileRef = E9C8A27C2D5339B2007B6FEA /* Assets.xcassets */; };
		E9C8A2FF2D5339B2007B6FEA /* Release.xcconfig in Resources */ = {isa = PBXBuildFile; fileRef = E9C8A2482D5339B2007B6FEA /* Release.xcconfig */; };
		E9C8A3002D5339B2007B6FEA /* Info.plist in Resources */ = {isa = PBXBuildFile; fileRef = E9C8A27D2D5339B2007B6FEA /* Info.plist */; };
		E9C8A3012D5339B2007B6FEA /* Development.xcconfig in Resources */ = {isa = PBXBuildFile; fileRef = E9C8A2472D5339B2007B6FEA /* Development.xcconfig */; };
		E9C8A3042D533A7B007B6FEA /* NetworkLayer in Frameworks */ = {isa = PBXBuildFile; productRef = E9C8A3032D533A7B007B6FEA /* NetworkLayer */; };
		E9C8A3232D54111D007B6FEA /* DependencyContainer.swift in Sources */ = {isa = PBXBuildFile; fileRef = E9C8A3222D54111D007B6FEA /* DependencyContainer.swift */; };
		E9C8A3242D54111D007B6FEA /* DependencyContainer.swift in Sources */ = {isa = PBXBuildFile; fileRef = E9C8A3222D54111D007B6FEA /* DependencyContainer.swift */; };
		E9C8A3252D54111D007B6FEA /* DependencyContainer.swift in Sources */ = {isa = PBXBuildFile; fileRef = E9C8A3222D54111D007B6FEA /* DependencyContainer.swift */; };
		E9C8A3352D5437D9007B6FEA /* CachingModule in Frameworks */ = {isa = PBXBuildFile; productRef = E9C8A3342D5437D9007B6FEA /* CachingModule */; };
/* End PBXBuildFile section */

/* Begin PBXContainerItemProxy section */
		E9C8A11D2D4781E6007B6FEA /* PBXContainerItemProxy */ = {
			isa = PBXContainerItemProxy;
			containerPortal = E9C8A1042D4781E4007B6FEA /* Project object */;
			proxyType = 1;
			remoteGlobalIDString = E9C8A10B2D4781E4007B6FEA;
			remoteInfo = MoviesDB;
		};
		E9C8A1272D4781E7007B6FEA /* PBXContainerItemProxy */ = {
			isa = PBXContainerItemProxy;
			containerPortal = E9C8A1042D4781E4007B6FEA /* Project object */;
			proxyType = 1;
			remoteGlobalIDString = E9C8A10B2D4781E4007B6FEA;
			remoteInfo = MoviesDB;
		};
/* End PBXContainerItemProxy section */

/* Begin PBXFileReference section */
		E9C8A10C2D4781E4007B6FEA /* MoviesDB.app */ = {isa = PBXFileReference; explicitFileType = wrapper.application; includeInIndex = 0; path = MoviesDB.app; sourceTree = BUILT_PRODUCTS_DIR; };
		E9C8A11C2D4781E6007B6FEA /* MoviesDBTests.xctest */ = {isa = PBXFileReference; explicitFileType = wrapper.cfbundle; includeInIndex = 0; path = MoviesDBTests.xctest; sourceTree = BUILT_PRODUCTS_DIR; };
		E9C8A1262D4781E7007B6FEA /* MoviesDBUITests.xctest */ = {isa = PBXFileReference; explicitFileType = wrapper.cfbundle; includeInIndex = 0; path = MoviesDBUITests.xctest; sourceTree = BUILT_PRODUCTS_DIR; };
		E9C8A1432D47823C007B6FEA /* MoviesDBTests.swift */ = {isa = PBXFileReference; lastKnownFileType = sourcecode.swift; path = MoviesDBTests.swift; sourceTree = "<group>"; };
		E9C8A1462D47823F007B6FEA /* MoviesDBUITests.swift */ = {isa = PBXFileReference; lastKnownFileType = sourcecode.swift; path = MoviesDBUITests.swift; sourceTree = "<group>"; };
		E9C8A1472D47823F007B6FEA /* MoviesDBUITestsLaunchTests.swift */ = {isa = PBXFileReference; lastKnownFileType = sourcecode.swift; path = MoviesDBUITestsLaunchTests.swift; sourceTree = "<group>"; };
		E9C8A1D52D48E566007B6FEA /* testHomeViewModel.swift */ = {isa = PBXFileReference; lastKnownFileType = sourcecode.swift; path = testHomeViewModel.swift; sourceTree = "<group>"; };
		E9C8A1DC2D48E8E6007B6FEA /* MockFetchMoviesUseCase.swift */ = {isa = PBXFileReference; lastKnownFileType = sourcecode.swift; path = MockFetchMoviesUseCase.swift; sourceTree = "<group>"; };
		E9C8A1DE2D48E96A007B6FEA /* MockMovieListCoordinator.swift */ = {isa = PBXFileReference; lastKnownFileType = sourcecode.swift; path = MockMovieListCoordinator.swift; sourceTree = "<group>"; };
		E9C8A1EA2D49890E007B6FEA /* MockMovieService.swift */ = {isa = PBXFileReference; lastKnownFileType = sourcecode.swift; path = MockMovieService.swift; sourceTree = "<group>"; };
		E9C8A2122D499841007B6FEA /* CoordinatorTests.swift */ = {isa = PBXFileReference; lastKnownFileType = sourcecode.swift; path = CoordinatorTests.swift; sourceTree = "<group>"; };
		E9C8A23E2D5339B2007B6FEA /* AppCoordinator.swift */ = {isa = PBXFileReference; lastKnownFileType = sourcecode.swift; path = AppCoordinator.swift; sourceTree = "<group>"; };
		E9C8A23F2D5339B2007B6FEA /* BaseCoordinator.swift */ = {isa = PBXFileReference; lastKnownFileType = sourcecode.swift; path = BaseCoordinator.swift; sourceTree = "<group>"; };
		E9C8A2402D5339B2007B6FEA /* Coordinator.swift */ = {isa = PBXFileReference; lastKnownFileType = sourcecode.swift; path = Coordinator.swift; sourceTree = "<group>"; };
		E9C8A2412D5339B2007B6FEA /* HomeViewCoordinator.swift */ = {isa = PBXFileReference; lastKnownFileType = sourcecode.swift; path = HomeViewCoordinator.swift; sourceTree = "<group>"; };
		E9C8A2422D5339B2007B6FEA /* MovieDetailCoordinator.swift */ = {isa = PBXFileReference; lastKnownFileType = sourcecode.swift; path = MovieDetailCoordinator.swift; sourceTree = "<group>"; };
		E9C8A2432D5339B2007B6FEA /* MovieListCoordinator.swift */ = {isa = PBXFileReference; lastKnownFileType = sourcecode.swift; path = MovieListCoordinator.swift; sourceTree = "<group>"; };
		E9C8A2462D5339B2007B6FEA /* Configuration.swift */ = {isa = PBXFileReference; lastKnownFileType = sourcecode.swift; path = Configuration.swift; sourceTree = "<group>"; };
		E9C8A2472D5339B2007B6FEA /* Development.xcconfig */ = {isa = PBXFileReference; lastKnownFileType = text.xcconfig; path = Development.xcconfig; sourceTree = "<group>"; };
		E9C8A2482D5339B2007B6FEA /* Release.xcconfig */ = {isa = PBXFileReference; lastKnownFileType = text.xcconfig; path = Release.xcconfig; sourceTree = "<group>"; };
		E9C8A24A2D5339B2007B6FEA /* TMDBMovieServiceRepository.swift */ = {isa = PBXFileReference; lastKnownFileType = sourcecode.swift; path = TMDBMovieServiceRepository.swift; sourceTree = "<group>"; };
		E9C8A24D2D5339B2007B6FEA /* APIEndpoint.swift */ = {isa = PBXFileReference; lastKnownFileType = sourcecode.swift; path = APIEndpoint.swift; sourceTree = "<group>"; };
		E9C8A2502D5339B2007B6FEA /* BaseModel.swift */ = {isa = PBXFileReference; lastKnownFileType = sourcecode.swift; path = BaseModel.swift; sourceTree = "<group>"; };
		E9C8A2512D5339B2007B6FEA /* Movie.swift */ = {isa = PBXFileReference; lastKnownFileType = sourcecode.swift; path = Movie.swift; sourceTree = "<group>"; };
		E9C8A2522D5339B2007B6FEA /* MovieType.swift */ = {isa = PBXFileReference; lastKnownFileType = sourcecode.swift; path = MovieType.swift; sourceTree = "<group>"; };
		E9C8A2542D5339B2007B6FEA /* MovieRepository.swift */ = {isa = PBXFileReference; lastKnownFileType = sourcecode.swift; path = MovieRepository.swift; sourceTree = "<group>"; };
		E9C8A2562D5339B2007B6FEA /* FetchMovieDetailsUseCaseProtocol.swift */ = {isa = PBXFileReference; lastKnownFileType = sourcecode.swift; path = FetchMovieDetailsUseCaseProtocol.swift; sourceTree = "<group>"; };
		E9C8A2572D5339B2007B6FEA /* FetchMoviesUseCaseProtocol.swift */ = {isa = PBXFileReference; lastKnownFileType = sourcecode.swift; path = FetchMoviesUseCaseProtocol.swift; sourceTree = "<group>"; };
		E9C8A2642D5339B2007B6FEA /* ErrorView.swift */ = {isa = PBXFileReference; lastKnownFileType = sourcecode.swift; path = ErrorView.swift; sourceTree = "<group>"; };
		E9C8A2652D5339B2007B6FEA /* LoadingView.swift */ = {isa = PBXFileReference; lastKnownFileType = sourcecode.swift; path = LoadingView.swift; sourceTree = "<group>"; };
		E9C8A2672D5339B2007B6FEA /* HomeViewModel.swift */ = {isa = PBXFileReference; lastKnownFileType = sourcecode.swift; path = HomeViewModel.swift; sourceTree = "<group>"; };
		E9C8A2682D5339B2007B6FEA /* MovieDetailViewModel.swift */ = {isa = PBXFileReference; lastKnownFileType = sourcecode.swift; path = MovieDetailViewModel.swift; sourceTree = "<group>"; };
		E9C8A2692D5339B2007B6FEA /* MovieListViewModel.swift */ = {isa = PBXFileReference; lastKnownFileType = sourcecode.swift; path = MovieListViewModel.swift; sourceTree = "<group>"; };
		E9C8A26B2D5339B2007B6FEA /* HomeView.swift */ = {isa = PBXFileReference; lastKnownFileType = sourcecode.swift; path = HomeView.swift; sourceTree = "<group>"; };
		E9C8A26D2D5339B2007B6FEA /* MoviesDBApp.swift */ = {isa = PBXFileReference; lastKnownFileType = sourcecode.swift; path = MoviesDBApp.swift; sourceTree = "<group>"; };
		E9C8A26F2D5339B2007B6FEA /* MovieDetailTitleView.swift */ = {isa = PBXFileReference; lastKnownFileType = sourcecode.swift; path = MovieDetailTitleView.swift; sourceTree = "<group>"; };
		E9C8A2702D5339B2007B6FEA /* MovieDetailView.swift */ = {isa = PBXFileReference; lastKnownFileType = sourcecode.swift; path = MovieDetailView.swift; sourceTree = "<group>"; };
		E9C8A2712D5339B2007B6FEA /* MovieGenresView.swift */ = {isa = PBXFileReference; lastKnownFileType = sourcecode.swift; path = MovieGenresView.swift; sourceTree = "<group>"; };
		E9C8A2722D5339B2007B6FEA /* MovieOverviewView.swift */ = {isa = PBXFileReference; lastKnownFileType = sourcecode.swift; path = MovieOverviewView.swift; sourceTree = "<group>"; };
		E9C8A2732D5339B2007B6FEA /* MoviePosterView.swift */ = {isa = PBXFileReference; lastKnownFileType = sourcecode.swift; path = MoviePosterView.swift; sourceTree = "<group>"; };
		E9C8A2742D5339B2007B6FEA /* MovieRuntimeView.swift */ = {isa = PBXFileReference; lastKnownFileType = sourcecode.swift; path = MovieRuntimeView.swift; sourceTree = "<group>"; };
		E9C8A2762D5339B2007B6FEA /* MovieListView.swift */ = {isa = PBXFileReference; lastKnownFileType = sourcecode.swift; path = MovieListView.swift; sourceTree = "<group>"; };
		E9C8A27A2D5339B2007B6FEA /* Preview Assets.xcassets */ = {isa = PBXFileReference; lastKnownFileType = folder.assetcatalog; path = "Preview Assets.xcassets"; sourceTree = "<group>"; };
		E9C8A27C2D5339B2007B6FEA /* Assets.xcassets */ = {isa = PBXFileReference; lastKnownFileType = folder.assetcatalog; path = Assets.xcassets; sourceTree = "<group>"; };
		E9C8A27D2D5339B2007B6FEA /* Info.plist */ = {isa = PBXFileReference; lastKnownFileType = text.plist.xml; path = Info.plist; sourceTree = "<group>"; };
		E9C8A3222D54111D007B6FEA /* DependencyContainer.swift */ = {isa = PBXFileReference; lastKnownFileType = sourcecode.swift; path = DependencyContainer.swift; sourceTree = "<group>"; };
/* End PBXFileReference section */

/* Begin PBXFrameworksBuildPhase section */
		E9C8A1092D4781E4007B6FEA /* Frameworks */ = {
			isa = PBXFrameworksBuildPhase;
			buildActionMask = 2147483647;
			files = (
				E9C8A3352D5437D9007B6FEA /* CachingModule in Frameworks */,
				E9C8A3042D533A7B007B6FEA /* NetworkLayer in Frameworks */,
			);
			runOnlyForDeploymentPostprocessing = 0;
		};
		E9C8A1192D4781E6007B6FEA /* Frameworks */ = {
			isa = PBXFrameworksBuildPhase;
			buildActionMask = 2147483647;
			files = (
			);
			runOnlyForDeploymentPostprocessing = 0;
		};
		E9C8A1232D4781E7007B6FEA /* Frameworks */ = {
			isa = PBXFrameworksBuildPhase;
			buildActionMask = 2147483647;
			files = (
			);
			runOnlyForDeploymentPostprocessing = 0;
		};
/* End PBXFrameworksBuildPhase section */

/* Begin PBXGroup section */
		E9C8A1032D4781E4007B6FEA = {
			isa = PBXGroup;
			children = (
				E9C8A2802D5339B2007B6FEA /* MoviesDB */,
				E9C8A1442D47823C007B6FEA /* MoviesDBTests */,
				E9C8A1482D47823F007B6FEA /* MoviesDBUITests */,
				E9C8A10D2D4781E4007B6FEA /* Products */,
			);
			sourceTree = "<group>";
		};
		E9C8A10D2D4781E4007B6FEA /* Products */ = {
			isa = PBXGroup;
			children = (
				E9C8A10C2D4781E4007B6FEA /* MoviesDB.app */,
				E9C8A11C2D4781E6007B6FEA /* MoviesDBTests.xctest */,
				E9C8A1262D4781E7007B6FEA /* MoviesDBUITests.xctest */,
			);
			name = Products;
			sourceTree = "<group>";
		};
		E9C8A1442D47823C007B6FEA /* MoviesDBTests */ = {
			isa = PBXGroup;
			children = (
				E9C8A2142D499893007B6FEA /* testCoordinator */,
				E9C8A1DB2D48E8DF007B6FEA /* Mocks */,
				E9C8A1D42D48E553007B6FEA /* TestViewModels */,
				E9C8A1432D47823C007B6FEA /* MoviesDBTests.swift */,
			);
			path = MoviesDBTests;
			sourceTree = "<group>";
		};
		E9C8A1482D47823F007B6FEA /* MoviesDBUITests */ = {
			isa = PBXGroup;
			children = (
				E9C8A1462D47823F007B6FEA /* MoviesDBUITests.swift */,
				E9C8A1472D47823F007B6FEA /* MoviesDBUITestsLaunchTests.swift */,
			);
			path = MoviesDBUITests;
			sourceTree = "<group>";
		};
		E9C8A1D42D48E553007B6FEA /* TestViewModels */ = {
			isa = PBXGroup;
			children = (
				E9C8A1D52D48E566007B6FEA /* testHomeViewModel.swift */,
			);
			path = TestViewModels;
			sourceTree = "<group>";
		};
		E9C8A1DB2D48E8DF007B6FEA /* Mocks */ = {
			isa = PBXGroup;
			children = (
				E9C8A1EA2D49890E007B6FEA /* MockMovieService.swift */,
				E9C8A1DC2D48E8E6007B6FEA /* MockFetchMoviesUseCase.swift */,
				E9C8A1DE2D48E96A007B6FEA /* MockMovieListCoordinator.swift */,
			);
			path = Mocks;
			sourceTree = "<group>";
		};
		E9C8A2142D499893007B6FEA /* testCoordinator */ = {
			isa = PBXGroup;
			children = (
				E9C8A2122D499841007B6FEA /* CoordinatorTests.swift */,
			);
			path = testCoordinator;
			sourceTree = "<group>";
		};
		E9C8A2442D5339B2007B6FEA /* Coordinator */ = {
			isa = PBXGroup;
			children = (
				E9C8A23E2D5339B2007B6FEA /* AppCoordinator.swift */,
				E9C8A23F2D5339B2007B6FEA /* BaseCoordinator.swift */,
				E9C8A2402D5339B2007B6FEA /* Coordinator.swift */,
				E9C8A2412D5339B2007B6FEA /* HomeViewCoordinator.swift */,
				E9C8A2422D5339B2007B6FEA /* MovieDetailCoordinator.swift */,
				E9C8A2432D5339B2007B6FEA /* MovieListCoordinator.swift */,
			);
			path = Coordinator;
			sourceTree = "<group>";
		};
		E9C8A2452D5339B2007B6FEA /* App */ = {
			isa = PBXGroup;
			children = (
				E9C8A2442D5339B2007B6FEA /* Coordinator */,
			);
			path = App;
			sourceTree = "<group>";
		};
		E9C8A2492D5339B2007B6FEA /* Config */ = {
			isa = PBXGroup;
			children = (
				E9C8A2462D5339B2007B6FEA /* Configuration.swift */,
				E9C8A2472D5339B2007B6FEA /* Development.xcconfig */,
				E9C8A2482D5339B2007B6FEA /* Release.xcconfig */,
			);
			path = Config;
			sourceTree = "<group>";
		};
		E9C8A24B2D5339B2007B6FEA /* Network */ = {
			isa = PBXGroup;
			children = (
			);
			path = Network;
			sourceTree = "<group>";
		};
		E9C8A24C2D5339B2007B6FEA /* Repositories */ = {
			isa = PBXGroup;
			children = (
				E9C8A24A2D5339B2007B6FEA /* TMDBMovieServiceRepository.swift */,
			);
			path = Repositories;
			sourceTree = "<group>";
		};
		E9C8A24E2D5339B2007B6FEA /* Services */ = {
			isa = PBXGroup;
			children = (
				E9C8A24D2D5339B2007B6FEA /* APIEndpoint.swift */,
			);
			path = Services;
			sourceTree = "<group>";
		};
		E9C8A24F2D5339B2007B6FEA /* Data_Infrastructure */ = {
			isa = PBXGroup;
			children = (
				E9C8A3322D5435DA007B6FEA /* DependencyContainer */,
				E9C8A2492D5339B2007B6FEA /* Config */,
				E9C8A24B2D5339B2007B6FEA /* Network */,
				E9C8A24C2D5339B2007B6FEA /* Repositories */,
				E9C8A24E2D5339B2007B6FEA /* Services */,
			);
			path = Data_Infrastructure;
			sourceTree = "<group>";
		};
		E9C8A2532D5339B2007B6FEA /* Entities */ = {
			isa = PBXGroup;
			children = (
				E9C8A2502D5339B2007B6FEA /* BaseModel.swift */,
				E9C8A2512D5339B2007B6FEA /* Movie.swift */,
				E9C8A2522D5339B2007B6FEA /* MovieType.swift */,
			);
			path = Entities;
			sourceTree = "<group>";
		};
		E9C8A2552D5339B2007B6FEA /* Repositories */ = {
			isa = PBXGroup;
			children = (
				E9C8A2542D5339B2007B6FEA /* MovieRepository.swift */,
			);
			path = Repositories;
			sourceTree = "<group>";
		};
		E9C8A2582D5339B2007B6FEA /* UseCases */ = {
			isa = PBXGroup;
			children = (
				E9C8A2562D5339B2007B6FEA /* FetchMovieDetailsUseCaseProtocol.swift */,
				E9C8A2572D5339B2007B6FEA /* FetchMoviesUseCaseProtocol.swift */,
			);
			path = UseCases;
			sourceTree = "<group>";
		};
		E9C8A2592D5339B2007B6FEA /* Domain */ = {
			isa = PBXGroup;
			children = (
				E9C8A2532D5339B2007B6FEA /* Entities */,
				E9C8A2552D5339B2007B6FEA /* Repositories */,
				E9C8A2582D5339B2007B6FEA /* UseCases */,
			);
			path = Domain;
			sourceTree = "<group>";
		};
		E9C8A2662D5339B2007B6FEA /* SharedComponents */ = {
			isa = PBXGroup;
			children = (
				E9C8A2642D5339B2007B6FEA /* ErrorView.swift */,
				E9C8A2652D5339B2007B6FEA /* LoadingView.swift */,
			);
			path = SharedComponents;
			sourceTree = "<group>";
		};
		E9C8A26A2D5339B2007B6FEA /* ViewModels */ = {
			isa = PBXGroup;
			children = (
				E9C8A2672D5339B2007B6FEA /* HomeViewModel.swift */,
				E9C8A2682D5339B2007B6FEA /* MovieDetailViewModel.swift */,
				E9C8A2692D5339B2007B6FEA /* MovieListViewModel.swift */,
			);
			path = ViewModels;
			sourceTree = "<group>";
		};
		E9C8A26C2D5339B2007B6FEA /* HomeView */ = {
			isa = PBXGroup;
			children = (
				E9C8A26B2D5339B2007B6FEA /* HomeView.swift */,
			);
			path = HomeView;
			sourceTree = "<group>";
		};
		E9C8A26E2D5339B2007B6FEA /* MainView */ = {
			isa = PBXGroup;
			children = (
				E9C8A26D2D5339B2007B6FEA /* MoviesDBApp.swift */,
			);
			path = MainView;
			sourceTree = "<group>";
		};
		E9C8A2752D5339B2007B6FEA /* MoviesDetails */ = {
			isa = PBXGroup;
			children = (
				E9C8A26F2D5339B2007B6FEA /* MovieDetailTitleView.swift */,
				E9C8A2702D5339B2007B6FEA /* MovieDetailView.swift */,
				E9C8A2712D5339B2007B6FEA /* MovieGenresView.swift */,
				E9C8A2722D5339B2007B6FEA /* MovieOverviewView.swift */,
				E9C8A2732D5339B2007B6FEA /* MoviePosterView.swift */,
				E9C8A2742D5339B2007B6FEA /* MovieRuntimeView.swift */,
			);
			path = MoviesDetails;
			sourceTree = "<group>";
		};
		E9C8A2772D5339B2007B6FEA /* MoviesList */ = {
			isa = PBXGroup;
			children = (
				E9C8A2762D5339B2007B6FEA /* MovieListView.swift */,
			);
			path = MoviesList;
			sourceTree = "<group>";
		};
		E9C8A2782D5339B2007B6FEA /* Views */ = {
			isa = PBXGroup;
			children = (
				E9C8A26E2D5339B2007B6FEA /* MainView */,
				E9C8A26C2D5339B2007B6FEA /* HomeView */,
				E9C8A2752D5339B2007B6FEA /* MoviesDetails */,
				E9C8A2772D5339B2007B6FEA /* MoviesList */,
			);
			path = Views;
			sourceTree = "<group>";
		};
		E9C8A2792D5339B2007B6FEA /* Presentation */ = {
			isa = PBXGroup;
			children = (
				E9C8A2662D5339B2007B6FEA /* SharedComponents */,
				E9C8A26A2D5339B2007B6FEA /* ViewModels */,
				E9C8A2782D5339B2007B6FEA /* Views */,
			);
			path = Presentation;
			sourceTree = "<group>";
		};
		E9C8A27B2D5339B2007B6FEA /* Preview Content */ = {
			isa = PBXGroup;
			children = (
				E9C8A27A2D5339B2007B6FEA /* Preview Assets.xcassets */,
			);
			path = "Preview Content";
			sourceTree = "<group>";
		};
		E9C8A27E2D5339B2007B6FEA /* Resources */ = {
			isa = PBXGroup;
			children = (
				E9C8A27C2D5339B2007B6FEA /* Assets.xcassets */,
				E9C8A27D2D5339B2007B6FEA /* Info.plist */,
			);
			path = Resources;
			sourceTree = "<group>";
		};
		E9C8A27F2D5339B2007B6FEA /* Shared */ = {
			isa = PBXGroup;
			children = (
			);
			path = Shared;
			sourceTree = "<group>";
		};
		E9C8A2802D5339B2007B6FEA /* MoviesDB */ = {
			isa = PBXGroup;
			children = (
				E9C8A2452D5339B2007B6FEA /* App */,
				E9C8A24F2D5339B2007B6FEA /* Data_Infrastructure */,
				E9C8A2592D5339B2007B6FEA /* Domain */,
				E9C8A2792D5339B2007B6FEA /* Presentation */,
				E9C8A27B2D5339B2007B6FEA /* Preview Content */,
				E9C8A27E2D5339B2007B6FEA /* Resources */,
				E9C8A27F2D5339B2007B6FEA /* Shared */,
			);
			path = MoviesDB;
			sourceTree = "<group>";
		};
		E9C8A3322D5435DA007B6FEA /* DependencyContainer */ = {
			isa = PBXGroup;
			children = (
				E9C8A3222D54111D007B6FEA /* DependencyContainer.swift */,
			);
			path = DependencyContainer;
			sourceTree = "<group>";
		};
/* End PBXGroup section */

/* Begin PBXNativeTarget section */
		E9C8A10B2D4781E4007B6FEA /* MoviesDB */ = {
			isa = PBXNativeTarget;
			buildConfigurationList = E9C8A1302D4781E7007B6FEA /* Build configuration list for PBXNativeTarget "MoviesDB" */;
			buildPhases = (
				E9C8A1082D4781E4007B6FEA /* Sources */,
				E9C8A1092D4781E4007B6FEA /* Frameworks */,
				E9C8A10A2D4781E4007B6FEA /* Resources */,
			);
			buildRules = (
			);
			dependencies = (
			);
			name = MoviesDB;
			packageProductDependencies = (
				E9C8A3032D533A7B007B6FEA /* NetworkLayer */,
				E9C8A3342D5437D9007B6FEA /* CachingModule */,
			);
			productName = MoviesDB;
			productReference = E9C8A10C2D4781E4007B6FEA /* MoviesDB.app */;
			productType = "com.apple.product-type.application";
		};
		E9C8A11B2D4781E6007B6FEA /* MoviesDBTests */ = {
			isa = PBXNativeTarget;
			buildConfigurationList = E9C8A1332D4781E7007B6FEA /* Build configuration list for PBXNativeTarget "MoviesDBTests" */;
			buildPhases = (
				E9C8A1182D4781E6007B6FEA /* Sources */,
				E9C8A1192D4781E6007B6FEA /* Frameworks */,
				E9C8A11A2D4781E6007B6FEA /* Resources */,
			);
			buildRules = (
			);
			dependencies = (
				E9C8A11E2D4781E6007B6FEA /* PBXTargetDependency */,
			);
			name = MoviesDBTests;
			packageProductDependencies = (
			);
			productName = MoviesDBTests;
			productReference = E9C8A11C2D4781E6007B6FEA /* MoviesDBTests.xctest */;
			productType = "com.apple.product-type.bundle.unit-test";
		};
		E9C8A1252D4781E7007B6FEA /* MoviesDBUITests */ = {
			isa = PBXNativeTarget;
			buildConfigurationList = E9C8A1362D4781E7007B6FEA /* Build configuration list for PBXNativeTarget "MoviesDBUITests" */;
			buildPhases = (
				E9C8A1222D4781E7007B6FEA /* Sources */,
				E9C8A1232D4781E7007B6FEA /* Frameworks */,
				E9C8A1242D4781E7007B6FEA /* Resources */,
			);
			buildRules = (
			);
			dependencies = (
				E9C8A1282D4781E7007B6FEA /* PBXTargetDependency */,
			);
			name = MoviesDBUITests;
			packageProductDependencies = (
			);
			productName = MoviesDBUITests;
			productReference = E9C8A1262D4781E7007B6FEA /* MoviesDBUITests.xctest */;
			productType = "com.apple.product-type.bundle.ui-testing";
		};
/* End PBXNativeTarget section */

/* Begin PBXProject section */
		E9C8A1042D4781E4007B6FEA /* Project object */ = {
			isa = PBXProject;
			attributes = {
				BuildIndependentTargetsInParallel = 1;
				LastSwiftUpdateCheck = 1600;
				LastUpgradeCheck = 1600;
				TargetAttributes = {
					E9C8A10B2D4781E4007B6FEA = {
						CreatedOnToolsVersion = 16.0;
					};
					E9C8A11B2D4781E6007B6FEA = {
						CreatedOnToolsVersion = 16.0;
						TestTargetID = E9C8A10B2D4781E4007B6FEA;
					};
					E9C8A1252D4781E7007B6FEA = {
						CreatedOnToolsVersion = 16.0;
						TestTargetID = E9C8A10B2D4781E4007B6FEA;
					};
				};
			};
			buildConfigurationList = E9C8A1072D4781E4007B6FEA /* Build configuration list for PBXProject "MoviesDB" */;
			developmentRegion = en;
			hasScannedForEncodings = 0;
			knownRegions = (
				en,
				Base,
			);
			mainGroup = E9C8A1032D4781E4007B6FEA;
			minimizedProjectReferenceProxies = 1;
			packageReferences = (
				E9C8A3022D533A7B007B6FEA /* XCRemoteSwiftPackageReference "NetworkLayer" */,
				E9C8A3332D5437D9007B6FEA /* XCRemoteSwiftPackageReference "CachingModule" */,
			);
			preferredProjectObjectVersion = 77;
			productRefGroup = E9C8A10D2D4781E4007B6FEA /* Products */;
			projectDirPath = "";
			projectRoot = "";
			targets = (
				E9C8A10B2D4781E4007B6FEA /* MoviesDB */,
				E9C8A11B2D4781E6007B6FEA /* MoviesDBTests */,
				E9C8A1252D4781E7007B6FEA /* MoviesDBUITests */,
			);
		};
/* End PBXProject section */

/* Begin PBXResourcesBuildPhase section */
		E9C8A10A2D4781E4007B6FEA /* Resources */ = {
			isa = PBXResourcesBuildPhase;
			buildActionMask = 2147483647;
			files = (
				E9C8A2AC2D5339B2007B6FEA /* Preview Assets.xcassets in Resources */,
				E9C8A2AD2D5339B2007B6FEA /* Assets.xcassets in Resources */,
				E9C8A2AE2D5339B2007B6FEA /* Release.xcconfig in Resources */,
				E9C8A2B02D5339B2007B6FEA /* Development.xcconfig in Resources */,
			);
			runOnlyForDeploymentPostprocessing = 0;
		};
		E9C8A11A2D4781E6007B6FEA /* Resources */ = {
			isa = PBXResourcesBuildPhase;
			buildActionMask = 2147483647;
			files = (
				E9C8A2FD2D5339B2007B6FEA /* Preview Assets.xcassets in Resources */,
				E9C8A2FE2D5339B2007B6FEA /* Assets.xcassets in Resources */,
				E9C8A2FF2D5339B2007B6FEA /* Release.xcconfig in Resources */,
				E9C8A3002D5339B2007B6FEA /* Info.plist in Resources */,
				E9C8A3012D5339B2007B6FEA /* Development.xcconfig in Resources */,
			);
			runOnlyForDeploymentPostprocessing = 0;
		};
		E9C8A1242D4781E7007B6FEA /* Resources */ = {
			isa = PBXResourcesBuildPhase;
			buildActionMask = 2147483647;
			files = (
				E9C8A2812D5339B2007B6FEA /* Preview Assets.xcassets in Resources */,
				E9C8A2822D5339B2007B6FEA /* Assets.xcassets in Resources */,
				E9C8A2832D5339B2007B6FEA /* Release.xcconfig in Resources */,
				E9C8A2842D5339B2007B6FEA /* Info.plist in Resources */,
				E9C8A2852D5339B2007B6FEA /* Development.xcconfig in Resources */,
			);
			runOnlyForDeploymentPostprocessing = 0;
		};
/* End PBXResourcesBuildPhase section */

/* Begin PBXSourcesBuildPhase section */
		E9C8A1082D4781E4007B6FEA /* Sources */ = {
			isa = PBXSourcesBuildPhase;
			buildActionMask = 2147483647;
			files = (
				E9C8A2B32D5339B2007B6FEA /* MovieType.swift in Sources */,
				E9C8A2B62D5339B2007B6FEA /* LoadingView.swift in Sources */,
				E9C8A2B72D5339B2007B6FEA /* FetchMoviesUseCaseProtocol.swift in Sources */,
				E9C8A2B82D5339B2007B6FEA /* APIEndpoint.swift in Sources */,
				E9C8A2B92D5339B2007B6FEA /* MoviePosterView.swift in Sources */,
				E9C8A2BA2D5339B2007B6FEA /* BaseCoordinator.swift in Sources */,
				E9C8A2BB2D5339B2007B6FEA /* MovieDetailViewModel.swift in Sources */,
				E9C8A2BD2D5339B2007B6FEA /* Coordinator.swift in Sources */,
				E9C8A2BF2D5339B2007B6FEA /* MovieListView.swift in Sources */,
				E9C8A2C02D5339B2007B6FEA /* FetchMovieDetailsUseCaseProtocol.swift in Sources */,
				E9C8A2C22D5339B2007B6FEA /* MovieRepository.swift in Sources */,
				E9C8A3242D54111D007B6FEA /* DependencyContainer.swift in Sources */,
				E9C8A2C42D5339B2007B6FEA /* MovieGenresView.swift in Sources */,
				E9C8A2C52D5339B2007B6FEA /* MovieRuntimeView.swift in Sources */,
				E9C8A2C62D5339B2007B6FEA /* Movie.swift in Sources */,
				E9C8A2C72D5339B2007B6FEA /* MovieOverviewView.swift in Sources */,
				E9C8A2C82D5339B2007B6FEA /* ErrorView.swift in Sources */,
				E9C8A2C92D5339B2007B6FEA /* MovieDetailView.swift in Sources */,
				E9C8A2CA2D5339B2007B6FEA /* TMDBMovieServiceRepository.swift in Sources */,
				E9C8A2CB2D5339B2007B6FEA /* HomeViewModel.swift in Sources */,
				E9C8A2CC2D5339B2007B6FEA /* AppCoordinator.swift in Sources */,
				E9C8A2CD2D5339B2007B6FEA /* MovieListCoordinator.swift in Sources */,
				E9C8A2CE2D5339B2007B6FEA /* MoviesDBApp.swift in Sources */,
				E9C8A2CF2D5339B2007B6FEA /* HomeViewCoordinator.swift in Sources */,
				E9C8A2D02D5339B2007B6FEA /* HomeView.swift in Sources */,
				E9C8A2D12D5339B2007B6FEA /* MovieDetailCoordinator.swift in Sources */,
				E9C8A2D22D5339B2007B6FEA /* BaseModel.swift in Sources */,
				E9C8A2D32D5339B2007B6FEA /* MovieListViewModel.swift in Sources */,
				E9C8A2D52D5339B2007B6FEA /* MovieDetailTitleView.swift in Sources */,
				E9C8A2D62D5339B2007B6FEA /* Configuration.swift in Sources */,
			);
			runOnlyForDeploymentPostprocessing = 0;
		};
		E9C8A1182D4781E6007B6FEA /* Sources */ = {
			isa = PBXSourcesBuildPhase;
			buildActionMask = 2147483647;
			files = (
				E9C8A1EB2D49890E007B6FEA /* MockMovieService.swift in Sources */,
				E9C8A2D92D5339B2007B6FEA /* MovieType.swift in Sources */,
				E9C8A2DC2D5339B2007B6FEA /* LoadingView.swift in Sources */,
				E9C8A2DD2D5339B2007B6FEA /* FetchMoviesUseCaseProtocol.swift in Sources */,
				E9C8A2DE2D5339B2007B6FEA /* APIEndpoint.swift in Sources */,
				E9C8A2DF2D5339B2007B6FEA /* MoviePosterView.swift in Sources */,
				E9C8A2E02D5339B2007B6FEA /* BaseCoordinator.swift in Sources */,
				E9C8A2E12D5339B2007B6FEA /* MovieDetailViewModel.swift in Sources */,
				E9C8A2E32D5339B2007B6FEA /* Coordinator.swift in Sources */,
				E9C8A2E52D5339B2007B6FEA /* MovieListView.swift in Sources */,
				E9C8A2E62D5339B2007B6FEA /* FetchMovieDetailsUseCaseProtocol.swift in Sources */,
				E9C8A2E82D5339B2007B6FEA /* MovieRepository.swift in Sources */,
				E9C8A2EA2D5339B2007B6FEA /* MovieGenresView.swift in Sources */,
				E9C8A2EB2D5339B2007B6FEA /* MovieRuntimeView.swift in Sources */,
				E9C8A2EC2D5339B2007B6FEA /* Movie.swift in Sources */,
				E9C8A2ED2D5339B2007B6FEA /* MovieOverviewView.swift in Sources */,
				E9C8A2EE2D5339B2007B6FEA /* ErrorView.swift in Sources */,
				E9C8A2EF2D5339B2007B6FEA /* MovieDetailView.swift in Sources */,
				E9C8A2F02D5339B2007B6FEA /* TMDBMovieServiceRepository.swift in Sources */,
				E9C8A2F12D5339B2007B6FEA /* HomeViewModel.swift in Sources */,
				E9C8A2F22D5339B2007B6FEA /* AppCoordinator.swift in Sources */,
				E9C8A2F32D5339B2007B6FEA /* MovieListCoordinator.swift in Sources */,
				E9C8A2F42D5339B2007B6FEA /* MoviesDBApp.swift in Sources */,
				E9C8A2F52D5339B2007B6FEA /* HomeViewCoordinator.swift in Sources */,
				E9C8A2F62D5339B2007B6FEA /* HomeView.swift in Sources */,
				E9C8A2F72D5339B2007B6FEA /* MovieDetailCoordinator.swift in Sources */,
				E9C8A2F82D5339B2007B6FEA /* BaseModel.swift in Sources */,
				E9C8A2F92D5339B2007B6FEA /* MovieListViewModel.swift in Sources */,
				E9C8A2FB2D5339B2007B6FEA /* MovieDetailTitleView.swift in Sources */,
				E9C8A2FC2D5339B2007B6FEA /* Configuration.swift in Sources */,
				E9C8A2132D499841007B6FEA /* CoordinatorTests.swift in Sources */,
				E9C8A1DF2D48E96A007B6FEA /* MockMovieListCoordinator.swift in Sources */,
				E9C8A1452D47823C007B6FEA /* MoviesDBTests.swift in Sources */,
				E9C8A1D62D48E574007B6FEA /* testHomeViewModel.swift in Sources */,
				E9C8A3252D54111D007B6FEA /* DependencyContainer.swift in Sources */,
				E9C8A1DD2D48E8E6007B6FEA /* MockFetchMoviesUseCase.swift in Sources */,
			);
			runOnlyForDeploymentPostprocessing = 0;
		};
		E9C8A1222D4781E7007B6FEA /* Sources */ = {
			isa = PBXSourcesBuildPhase;
			buildActionMask = 2147483647;
			files = (
				E9C8A2882D5339B2007B6FEA /* MovieType.swift in Sources */,
				E9C8A28B2D5339B2007B6FEA /* LoadingView.swift in Sources */,
				E9C8A28C2D5339B2007B6FEA /* FetchMoviesUseCaseProtocol.swift in Sources */,
				E9C8A28D2D5339B2007B6FEA /* APIEndpoint.swift in Sources */,
				E9C8A28E2D5339B2007B6FEA /* MoviePosterView.swift in Sources */,
				E9C8A28F2D5339B2007B6FEA /* BaseCoordinator.swift in Sources */,
				E9C8A2902D5339B2007B6FEA /* MovieDetailViewModel.swift in Sources */,
				E9C8A2922D5339B2007B6FEA /* Coordinator.swift in Sources */,
				E9C8A2942D5339B2007B6FEA /* MovieListView.swift in Sources */,
				E9C8A2952D5339B2007B6FEA /* FetchMovieDetailsUseCaseProtocol.swift in Sources */,
				E9C8A2972D5339B2007B6FEA /* MovieRepository.swift in Sources */,
				E9C8A2992D5339B2007B6FEA /* MovieGenresView.swift in Sources */,
				E9C8A29A2D5339B2007B6FEA /* MovieRuntimeView.swift in Sources */,
				E9C8A29B2D5339B2007B6FEA /* Movie.swift in Sources */,
				E9C8A3232D54111D007B6FEA /* DependencyContainer.swift in Sources */,
				E9C8A29C2D5339B2007B6FEA /* MovieOverviewView.swift in Sources */,
				E9C8A29D2D5339B2007B6FEA /* ErrorView.swift in Sources */,
				E9C8A29E2D5339B2007B6FEA /* MovieDetailView.swift in Sources */,
				E9C8A29F2D5339B2007B6FEA /* TMDBMovieServiceRepository.swift in Sources */,
				E9C8A2A02D5339B2007B6FEA /* HomeViewModel.swift in Sources */,
				E9C8A2A12D5339B2007B6FEA /* AppCoordinator.swift in Sources */,
				E9C8A2A22D5339B2007B6FEA /* MovieListCoordinator.swift in Sources */,
				E9C8A2A32D5339B2007B6FEA /* MoviesDBApp.swift in Sources */,
				E9C8A2A42D5339B2007B6FEA /* HomeViewCoordinator.swift in Sources */,
				E9C8A2A52D5339B2007B6FEA /* HomeView.swift in Sources */,
				E9C8A2A62D5339B2007B6FEA /* MovieDetailCoordinator.swift in Sources */,
				E9C8A2A72D5339B2007B6FEA /* BaseModel.swift in Sources */,
				E9C8A2A82D5339B2007B6FEA /* MovieListViewModel.swift in Sources */,
				E9C8A2AA2D5339B2007B6FEA /* MovieDetailTitleView.swift in Sources */,
				E9C8A2AB2D5339B2007B6FEA /* Configuration.swift in Sources */,
				E9C8A1492D47823F007B6FEA /* MoviesDBUITests.swift in Sources */,
				E9C8A14A2D47823F007B6FEA /* MoviesDBUITestsLaunchTests.swift in Sources */,
			);
			runOnlyForDeploymentPostprocessing = 0;
		};
/* End PBXSourcesBuildPhase section */

/* Begin PBXTargetDependency section */
		E9C8A11E2D4781E6007B6FEA /* PBXTargetDependency */ = {
			isa = PBXTargetDependency;
			target = E9C8A10B2D4781E4007B6FEA /* MoviesDB */;
			targetProxy = E9C8A11D2D4781E6007B6FEA /* PBXContainerItemProxy */;
		};
		E9C8A1282D4781E7007B6FEA /* PBXTargetDependency */ = {
			isa = PBXTargetDependency;
			target = E9C8A10B2D4781E4007B6FEA /* MoviesDB */;
			targetProxy = E9C8A1272D4781E7007B6FEA /* PBXContainerItemProxy */;
		};
/* End PBXTargetDependency section */

/* Begin XCBuildConfiguration section */
		E9C8A12E2D4781E7007B6FEA /* Debug */ = {
			isa = XCBuildConfiguration;
			baseConfigurationReference = E9C8A2472D5339B2007B6FEA /* Development.xcconfig */;
			buildSettings = {
				ALWAYS_SEARCH_USER_PATHS = NO;
				ASSETCATALOG_COMPILER_GENERATE_SWIFT_ASSET_SYMBOL_EXTENSIONS = YES;
				CLANG_ANALYZER_NONNULL = YES;
				CLANG_ANALYZER_NUMBER_OBJECT_CONVERSION = YES_AGGRESSIVE;
				CLANG_CXX_LANGUAGE_STANDARD = "gnu++20";
				CLANG_ENABLE_MODULES = YES;
				CLANG_ENABLE_OBJC_ARC = YES;
				CLANG_ENABLE_OBJC_WEAK = YES;
				CLANG_WARN_BLOCK_CAPTURE_AUTORELEASING = YES;
				CLANG_WARN_BOOL_CONVERSION = YES;
				CLANG_WARN_COMMA = YES;
				CLANG_WARN_CONSTANT_CONVERSION = YES;
				CLANG_WARN_DEPRECATED_OBJC_IMPLEMENTATIONS = YES;
				CLANG_WARN_DIRECT_OBJC_ISA_USAGE = YES_ERROR;
				CLANG_WARN_DOCUMENTATION_COMMENTS = YES;
				CLANG_WARN_EMPTY_BODY = YES;
				CLANG_WARN_ENUM_CONVERSION = YES;
				CLANG_WARN_INFINITE_RECURSION = YES;
				CLANG_WARN_INT_CONVERSION = YES;
				CLANG_WARN_NON_LITERAL_NULL_CONVERSION = YES;
				CLANG_WARN_OBJC_IMPLICIT_RETAIN_SELF = YES;
				CLANG_WARN_OBJC_LITERAL_CONVERSION = YES;
				CLANG_WARN_OBJC_ROOT_CLASS = YES_ERROR;
				CLANG_WARN_QUOTED_INCLUDE_IN_FRAMEWORK_HEADER = YES;
				CLANG_WARN_RANGE_LOOP_ANALYSIS = YES;
				CLANG_WARN_STRICT_PROTOTYPES = YES;
				CLANG_WARN_SUSPICIOUS_MOVE = YES;
				CLANG_WARN_UNGUARDED_AVAILABILITY = YES_AGGRESSIVE;
				CLANG_WARN_UNREACHABLE_CODE = YES;
				CLANG_WARN__DUPLICATE_METHOD_MATCH = YES;
				COPY_PHASE_STRIP = NO;
				DEBUG_INFORMATION_FORMAT = dwarf;
				ENABLE_STRICT_OBJC_MSGSEND = YES;
				ENABLE_TESTABILITY = YES;
				ENABLE_USER_SCRIPT_SANDBOXING = YES;
				GCC_C_LANGUAGE_STANDARD = gnu17;
				GCC_DYNAMIC_NO_PIC = NO;
				GCC_NO_COMMON_BLOCKS = YES;
				GCC_OPTIMIZATION_LEVEL = 0;
				GCC_PREPROCESSOR_DEFINITIONS = (
					"DEBUG=1",
					"$(inherited)",
				);
				GCC_WARN_64_TO_32_BIT_CONVERSION = YES;
				GCC_WARN_ABOUT_RETURN_TYPE = YES_ERROR;
				GCC_WARN_UNDECLARED_SELECTOR = YES;
				GCC_WARN_UNINITIALIZED_AUTOS = YES_AGGRESSIVE;
				GCC_WARN_UNUSED_FUNCTION = YES;
				GCC_WARN_UNUSED_VARIABLE = YES;
				IPHONEOS_DEPLOYMENT_TARGET = 18.0;
				LOCALIZATION_PREFERS_STRING_CATALOGS = YES;
				MTL_ENABLE_DEBUG_INFO = INCLUDE_SOURCE;
				MTL_FAST_MATH = YES;
				ONLY_ACTIVE_ARCH = YES;
				SDKROOT = iphoneos;
				SWIFT_ACTIVE_COMPILATION_CONDITIONS = "DEBUG $(inherited)";
				SWIFT_OPTIMIZATION_LEVEL = "-Onone";
			};
			name = Debug;
		};
		E9C8A12F2D4781E7007B6FEA /* Release */ = {
			isa = XCBuildConfiguration;
			baseConfigurationReference = E9C8A2482D5339B2007B6FEA /* Release.xcconfig */;
			buildSettings = {
				ALWAYS_SEARCH_USER_PATHS = NO;
				ASSETCATALOG_COMPILER_GENERATE_SWIFT_ASSET_SYMBOL_EXTENSIONS = YES;
				CLANG_ANALYZER_NONNULL = YES;
				CLANG_ANALYZER_NUMBER_OBJECT_CONVERSION = YES_AGGRESSIVE;
				CLANG_CXX_LANGUAGE_STANDARD = "gnu++20";
				CLANG_ENABLE_MODULES = YES;
				CLANG_ENABLE_OBJC_ARC = YES;
				CLANG_ENABLE_OBJC_WEAK = YES;
				CLANG_WARN_BLOCK_CAPTURE_AUTORELEASING = YES;
				CLANG_WARN_BOOL_CONVERSION = YES;
				CLANG_WARN_COMMA = YES;
				CLANG_WARN_CONSTANT_CONVERSION = YES;
				CLANG_WARN_DEPRECATED_OBJC_IMPLEMENTATIONS = YES;
				CLANG_WARN_DIRECT_OBJC_ISA_USAGE = YES_ERROR;
				CLANG_WARN_DOCUMENTATION_COMMENTS = YES;
				CLANG_WARN_EMPTY_BODY = YES;
				CLANG_WARN_ENUM_CONVERSION = YES;
				CLANG_WARN_INFINITE_RECURSION = YES;
				CLANG_WARN_INT_CONVERSION = YES;
				CLANG_WARN_NON_LITERAL_NULL_CONVERSION = YES;
				CLANG_WARN_OBJC_IMPLICIT_RETAIN_SELF = YES;
				CLANG_WARN_OBJC_LITERAL_CONVERSION = YES;
				CLANG_WARN_OBJC_ROOT_CLASS = YES_ERROR;
				CLANG_WARN_QUOTED_INCLUDE_IN_FRAMEWORK_HEADER = YES;
				CLANG_WARN_RANGE_LOOP_ANALYSIS = YES;
				CLANG_WARN_STRICT_PROTOTYPES = YES;
				CLANG_WARN_SUSPICIOUS_MOVE = YES;
				CLANG_WARN_UNGUARDED_AVAILABILITY = YES_AGGRESSIVE;
				CLANG_WARN_UNREACHABLE_CODE = YES;
				CLANG_WARN__DUPLICATE_METHOD_MATCH = YES;
				COPY_PHASE_STRIP = NO;
				DEBUG_INFORMATION_FORMAT = "dwarf-with-dsym";
				ENABLE_NS_ASSERTIONS = NO;
				ENABLE_STRICT_OBJC_MSGSEND = YES;
				ENABLE_USER_SCRIPT_SANDBOXING = YES;
				GCC_C_LANGUAGE_STANDARD = gnu17;
				GCC_NO_COMMON_BLOCKS = YES;
				GCC_WARN_64_TO_32_BIT_CONVERSION = YES;
				GCC_WARN_ABOUT_RETURN_TYPE = YES_ERROR;
				GCC_WARN_UNDECLARED_SELECTOR = YES;
				GCC_WARN_UNINITIALIZED_AUTOS = YES_AGGRESSIVE;
				GCC_WARN_UNUSED_FUNCTION = YES;
				GCC_WARN_UNUSED_VARIABLE = YES;
				IPHONEOS_DEPLOYMENT_TARGET = 18.0;
				LOCALIZATION_PREFERS_STRING_CATALOGS = YES;
				MTL_ENABLE_DEBUG_INFO = NO;
				MTL_FAST_MATH = YES;
				SDKROOT = iphoneos;
				SWIFT_COMPILATION_MODE = wholemodule;
				VALIDATE_PRODUCT = YES;
			};
			name = Release;
		};
		E9C8A1312D4781E7007B6FEA /* Debug */ = {
			isa = XCBuildConfiguration;
			buildSettings = {
				ASSETCATALOG_COMPILER_APPICON_NAME = AppIcon;
				ASSETCATALOG_COMPILER_GLOBAL_ACCENT_COLOR_NAME = AccentColor;
				CODE_SIGN_STYLE = Automatic;
				CURRENT_PROJECT_VERSION = 1;
				DEVELOPMENT_ASSET_PATHS = "\"MoviesDB/Preview Content\"";
				DEVELOPMENT_TEAM = 77H8P22UE4;
				ENABLE_PREVIEWS = YES;
				GENERATE_INFOPLIST_FILE = YES;
				INFOPLIST_FILE = MoviesDB/Resources/Info.plist;
				INFOPLIST_KEY_UIApplicationSceneManifest_Generation = YES;
				INFOPLIST_KEY_UIApplicationSupportsIndirectInputEvents = YES;
				INFOPLIST_KEY_UILaunchScreen_Generation = YES;
				INFOPLIST_KEY_UISupportedInterfaceOrientations_iPad = "UIInterfaceOrientationPortrait UIInterfaceOrientationPortraitUpsideDown UIInterfaceOrientationLandscapeLeft UIInterfaceOrientationLandscapeRight";
				INFOPLIST_KEY_UISupportedInterfaceOrientations_iPhone = "UIInterfaceOrientationPortrait UIInterfaceOrientationLandscapeLeft UIInterfaceOrientationLandscapeRight";
				LD_RUNPATH_SEARCH_PATHS = (
					"$(inherited)",
					"@executable_path/Frameworks",
				);
				MARKETING_VERSION = 1.0;
				PRODUCT_BUNDLE_IDENTIFIER = Adam.Adam.TechnicalTask.MoviesDB;
				PRODUCT_NAME = "$(TARGET_NAME)";
				SWIFT_EMIT_LOC_STRINGS = YES;
				SWIFT_VERSION = 5.0;
				TARGETED_DEVICE_FAMILY = "1,2";
			};
			name = Debug;
		};
		E9C8A1322D4781E7007B6FEA /* Release */ = {
			isa = XCBuildConfiguration;
			buildSettings = {
				ASSETCATALOG_COMPILER_APPICON_NAME = AppIcon;
				ASSETCATALOG_COMPILER_GLOBAL_ACCENT_COLOR_NAME = AccentColor;
				CODE_SIGN_STYLE = Automatic;
				CURRENT_PROJECT_VERSION = 1;
				DEVELOPMENT_ASSET_PATHS = "\"MoviesDB/Preview Content\"";
				DEVELOPMENT_TEAM = 77H8P22UE4;
				ENABLE_PREVIEWS = YES;
				GENERATE_INFOPLIST_FILE = YES;
				INFOPLIST_FILE = MoviesDB/Resources/Info.plist;
				INFOPLIST_KEY_UIApplicationSceneManifest_Generation = YES;
				INFOPLIST_KEY_UIApplicationSupportsIndirectInputEvents = YES;
				INFOPLIST_KEY_UILaunchScreen_Generation = YES;
				INFOPLIST_KEY_UISupportedInterfaceOrientations_iPad = "UIInterfaceOrientationPortrait UIInterfaceOrientationPortraitUpsideDown UIInterfaceOrientationLandscapeLeft UIInterfaceOrientationLandscapeRight";
				INFOPLIST_KEY_UISupportedInterfaceOrientations_iPhone = "UIInterfaceOrientationPortrait UIInterfaceOrientationLandscapeLeft UIInterfaceOrientationLandscapeRight";
				LD_RUNPATH_SEARCH_PATHS = (
					"$(inherited)",
					"@executable_path/Frameworks",
				);
				MARKETING_VERSION = 1.0;
				PRODUCT_BUNDLE_IDENTIFIER = Adam.Adam.TechnicalTask.MoviesDB;
				PRODUCT_NAME = "$(TARGET_NAME)";
				SWIFT_EMIT_LOC_STRINGS = YES;
				SWIFT_VERSION = 5.0;
				TARGETED_DEVICE_FAMILY = "1,2";
			};
			name = Release;
		};
		E9C8A1342D4781E7007B6FEA /* Debug */ = {
			isa = XCBuildConfiguration;
			buildSettings = {
				BUNDLE_LOADER = "$(TEST_HOST)";
				CODE_SIGN_STYLE = Automatic;
				CURRENT_PROJECT_VERSION = 1;
				DEVELOPMENT_TEAM = 77H8P22UE4;
				GENERATE_INFOPLIST_FILE = YES;
				IPHONEOS_DEPLOYMENT_TARGET = 18.0;
				MARKETING_VERSION = 1.0;
				PRODUCT_BUNDLE_IDENTIFIER = Adam.MoviesDBTests;
				PRODUCT_NAME = "$(TARGET_NAME)";
				SWIFT_EMIT_LOC_STRINGS = NO;
				SWIFT_VERSION = 5.0;
				TARGETED_DEVICE_FAMILY = "1,2";
				TEST_HOST = "$(BUILT_PRODUCTS_DIR)/MoviesDB.app/$(BUNDLE_EXECUTABLE_FOLDER_PATH)/MoviesDB";
			};
			name = Debug;
		};
		E9C8A1352D4781E7007B6FEA /* Release */ = {
			isa = XCBuildConfiguration;
			buildSettings = {
				BUNDLE_LOADER = "$(TEST_HOST)";
				CODE_SIGN_STYLE = Automatic;
				CURRENT_PROJECT_VERSION = 1;
				DEVELOPMENT_TEAM = 77H8P22UE4;
				GENERATE_INFOPLIST_FILE = YES;
				IPHONEOS_DEPLOYMENT_TARGET = 18.0;
				MARKETING_VERSION = 1.0;
				PRODUCT_BUNDLE_IDENTIFIER = Adam.MoviesDBTests;
				PRODUCT_NAME = "$(TARGET_NAME)";
				SWIFT_EMIT_LOC_STRINGS = NO;
				SWIFT_VERSION = 5.0;
				TARGETED_DEVICE_FAMILY = "1,2";
				TEST_HOST = "$(BUILT_PRODUCTS_DIR)/MoviesDB.app/$(BUNDLE_EXECUTABLE_FOLDER_PATH)/MoviesDB";
			};
			name = Release;
		};
		E9C8A1372D4781E7007B6FEA /* Debug */ = {
			isa = XCBuildConfiguration;
			buildSettings = {
				CODE_SIGN_STYLE = Automatic;
				CURRENT_PROJECT_VERSION = 1;
				DEVELOPMENT_TEAM = 77H8P22UE4;
				GENERATE_INFOPLIST_FILE = YES;
				MARKETING_VERSION = 1.0;
				PRODUCT_BUNDLE_IDENTIFIER = Adam.MoviesDBUITests;
				PRODUCT_NAME = "$(TARGET_NAME)";
				SWIFT_EMIT_LOC_STRINGS = NO;
				SWIFT_VERSION = 5.0;
				TARGETED_DEVICE_FAMILY = "1,2";
				TEST_TARGET_NAME = MoviesDB;
			};
			name = Debug;
		};
		E9C8A1382D4781E7007B6FEA /* Release */ = {
			isa = XCBuildConfiguration;
			buildSettings = {
				CODE_SIGN_STYLE = Automatic;
				CURRENT_PROJECT_VERSION = 1;
				DEVELOPMENT_TEAM = 77H8P22UE4;
				GENERATE_INFOPLIST_FILE = YES;
				MARKETING_VERSION = 1.0;
				PRODUCT_BUNDLE_IDENTIFIER = Adam.MoviesDBUITests;
				PRODUCT_NAME = "$(TARGET_NAME)";
				SWIFT_EMIT_LOC_STRINGS = NO;
				SWIFT_VERSION = 5.0;
				TARGETED_DEVICE_FAMILY = "1,2";
				TEST_TARGET_NAME = MoviesDB;
			};
			name = Release;
		};
/* End XCBuildConfiguration section */

/* Begin XCConfigurationList section */
		E9C8A1072D4781E4007B6FEA /* Build configuration list for PBXProject "MoviesDB" */ = {
			isa = XCConfigurationList;
			buildConfigurations = (
				E9C8A12E2D4781E7007B6FEA /* Debug */,
				E9C8A12F2D4781E7007B6FEA /* Release */,
			);
			defaultConfigurationIsVisible = 0;
			defaultConfigurationName = Debug;
		};
		E9C8A1302D4781E7007B6FEA /* Build configuration list for PBXNativeTarget "MoviesDB" */ = {
			isa = XCConfigurationList;
			buildConfigurations = (
				E9C8A1312D4781E7007B6FEA /* Debug */,
				E9C8A1322D4781E7007B6FEA /* Release */,
			);
			defaultConfigurationIsVisible = 0;
			defaultConfigurationName = Debug;
		};
		E9C8A1332D4781E7007B6FEA /* Build configuration list for PBXNativeTarget "MoviesDBTests" */ = {
			isa = XCConfigurationList;
			buildConfigurations = (
				E9C8A1342D4781E7007B6FEA /* Debug */,
				E9C8A1352D4781E7007B6FEA /* Release */,
			);
			defaultConfigurationIsVisible = 0;
			defaultConfigurationName = Debug;
		};
		E9C8A1362D4781E7007B6FEA /* Build configuration list for PBXNativeTarget "MoviesDBUITests" */ = {
			isa = XCConfigurationList;
			buildConfigurations = (
				E9C8A1372D4781E7007B6FEA /* Debug */,
				E9C8A1382D4781E7007B6FEA /* Release */,
			);
			defaultConfigurationIsVisible = 0;
			defaultConfigurationName = Debug;
		};
/* End XCConfigurationList section */

/* Begin XCRemoteSwiftPackageReference section */
		E9C8A3022D533A7B007B6FEA /* XCRemoteSwiftPackageReference "NetworkLayer" */ = {
			isa = XCRemoteSwiftPackageReference;
			repositoryURL = "https://github.com/AhmedibnAdam/NetworkLayer.git";
			requirement = {
				branch = main;
				kind = branch;
			};
		};
		E9C8A3332D5437D9007B6FEA /* XCRemoteSwiftPackageReference "CachingModule" */ = {
			isa = XCRemoteSwiftPackageReference;
			repositoryURL = "https://github.com/AhmedibnAdam/CachingModule.git";
			requirement = {
				branch = main;
				kind = branch;
			};
		};
/* End XCRemoteSwiftPackageReference section */

/* Begin XCSwiftPackageProductDependency section */
		E9C8A3032D533A7B007B6FEA /* NetworkLayer */ = {
			isa = XCSwiftPackageProductDependency;
			package = E9C8A3022D533A7B007B6FEA /* XCRemoteSwiftPackageReference "NetworkLayer" */;
			productName = NetworkLayer;
		};
		E9C8A3342D5437D9007B6FEA /* CachingModule */ = {
			isa = XCSwiftPackageProductDependency;
			package = E9C8A3332D5437D9007B6FEA /* XCRemoteSwiftPackageReference "CachingModule" */;
			productName = CachingModule;
		};
/* End XCSwiftPackageProductDependency section */
	};
	rootObject = E9C8A1042D4781E4007B6FEA /* Project object */;
}
