{
  "originHash" : "f539f2de2a7b5f05b17f63a081ad23557fd6a3f133c84cb23a539d67414edf8b",
  "pins" : [
    {
      "identity" : "cachingmodule",
      "kind" : "remoteSourceControl",
      "location" : "https://github.com/AhmedibnAdam/CachingModule.git",
      "state" : {
        "revision" : "e7a43ae4943df05c6ffe2e18d817652c9732262e",
        "version" : "1.0.1"
      }
    },
    {
      "identity" : "networklayer",
      "kind" : "remoteSourceControl",
      "location" : "https://github.com/AhmedibnAdam/NetworkLayer.git",
      "state" : {
        "revision" : "3bcf823c48b9d37f799f86c6b832005b0aa89ba6",
        "version" : "1.0.1"
      }
    }
  ],
  "version" : 3
}
